
Microsoft Visual Studio Solution File, Format Version 12.00
# Visual Studio Version 17
VisualStudioVersion = 17.7.34031.279
MinimumVisualStudioVersion = 10.0.40219.1
Project("{9A19103F-16F7-4668-BE54-9A1E7A4F7556}") = "Ficheros1", "Ficheros1\Ficheros1.csproj", "{037B0FC7-5CC5-413A-B889-876FFD103327}"
EndProject
Project("{9A19103F-16F7-4668-BE54-9A1E7A4F7556}") = "Ficheros2", "Ficheros2\Ficheros2.csproj", "{572152E3-82E9-4A53-80D7-F7D230648C57}"
EndProject
Project("{9A19103F-16F7-4668-BE54-9A1E7A4F7556}") = "Ficheros3", "Fichero3\Ficheros3.csproj", "{F22CAF35-E8AE-4AFE-8513-C0A82393944F}"
EndProject
Project("{FAE04EC0-301F-11D3-BF4B-00C04F79EFBC}") = "Ficheros4", "Ficheros4\Ficheros4.csproj", "{33D63F39-99FD-4A6D-8B6F-D16DD6C5AB74}"
EndProject
Project("{FAE04EC0-301F-11D3-BF4B-00C04F79EFBC}") = "Ficheros5", "Ficheros5\Ficheros5.csproj", "{EF5A59C8-2698-427F-B199-7AE48A8250E6}"
EndProject
Project("{FAE04EC0-301F-11D3-BF4B-00C04F79EFBC}") = "Ficheros6", "Ficheros6\Ficheros6.csproj", "{45F693A9-8F45-4038-B0E5-D4038BFAEA7A}"
EndProject
Global
	GlobalSection(SolutionConfigurationPlatforms) = preSolution
		Debug|Any CPU = Debug|Any CPU
		Release|Any CPU = Release|Any CPU
	EndGlobalSection
	GlobalSection(ProjectConfigurationPlatforms) = postSolution
		{037B0FC7-5CC5-413A-B889-876FFD103327}.Debug|Any CPU.ActiveCfg = Debug|Any CPU
		{037B0FC7-5CC5-413A-B889-876FFD103327}.Debug|Any CPU.Build.0 = Debug|Any CPU
		{037B0FC7-5CC5-413A-B889-876FFD103327}.Release|Any CPU.ActiveCfg = Release|Any CPU
		{037B0FC7-5CC5-413A-B889-876FFD103327}.Release|Any CPU.Build.0 = Release|Any CPU
		{572152E3-82E9-4A53-80D7-F7D230648C57}.Debug|Any CPU.ActiveCfg = Debug|Any CPU
		{572152E3-82E9-4A53-80D7-F7D230648C57}.Debug|Any CPU.Build.0 = Debug|Any CPU
		{572152E3-82E9-4A53-80D7-F7D230648C57}.Release|Any CPU.ActiveCfg = Release|Any CPU
		{572152E3-82E9-4A53-80D7-F7D230648C57}.Release|Any CPU.Build.0 = Release|Any CPU
		{F22CAF35-E8AE-4AFE-8513-C0A82393944F}.Debug|Any CPU.ActiveCfg = Debug|Any CPU
		{F22CAF35-E8AE-4AFE-8513-C0A82393944F}.Debug|Any CPU.Build.0 = Debug|Any CPU
		{F22CAF35-E8AE-4AFE-8513-C0A82393944F}.Release|Any CPU.ActiveCfg = Release|Any CPU
		{F22CAF35-E8AE-4AFE-8513-C0A82393944F}.Release|Any CPU.Build.0 = Release|Any CPU
		{33D63F39-99FD-4A6D-8B6F-D16DD6C5AB74}.Debug|Any CPU.ActiveCfg = Debug|Any CPU
		{33D63F39-99FD-4A6D-8B6F-D16DD6C5AB74}.Debug|Any CPU.Build.0 = Debug|Any CPU
		{33D63F39-99FD-4A6D-8B6F-D16DD6C5AB74}.Release|Any CPU.ActiveCfg = Release|Any CPU
		{33D63F39-99FD-4A6D-8B6F-D16DD6C5AB74}.Release|Any CPU.Build.0 = Release|Any CPU
		{EF5A59C8-2698-427F-B199-7AE48A8250E6}.Debug|Any CPU.ActiveCfg = Debug|Any CPU
		{EF5A59C8-2698-427F-B199-7AE48A8250E6}.Debug|Any CPU.Build.0 = Debug|Any CPU
		{EF5A59C8-2698-427F-B199-7AE48A8250E6}.Release|Any CPU.ActiveCfg = Release|Any CPU
		{EF5A59C8-2698-427F-B199-7AE48A8250E6}.Release|Any CPU.Build.0 = Release|Any CPU
		{45F693A9-8F45-4038-B0E5-D4038BFAEA7A}.Debug|Any CPU.ActiveCfg = Debug|Any CPU
		{45F693A9-8F45-4038-B0E5-D4038BFAEA7A}.Debug|Any CPU.Build.0 = Debug|Any CPU
		{45F693A9-8F45-4038-B0E5-D4038BFAEA7A}.Release|Any CPU.ActiveCfg = Release|Any CPU
		{45F693A9-8F45-4038-B0E5-D4038BFAEA7A}.Release|Any CPU.Build.0 = Release|Any CPU
	EndGlobalSection
	GlobalSection(SolutionProperties) = preSolution
		HideSolutionNode = FALSE
	EndGlobalSection
	GlobalSection(ExtensibilityGlobals) = postSolution
		SolutionGuid = {A16B9321-492F-4606-A37D-B3121A9E8AF9}
	EndGlobalSection
EndGlobal
